
Microsoft Visual Studio Solution File, Format Version 12.00
# Visual Studio Version 17
VisualStudioVersion = 17.8.34316.72
MinimumVisualStudioVersion = 10.0.40219.1
Project("{2150E333-8FDC-42A3-9474-1A3956D46DE8}") = "src", "src", "{F2FDB594-652D-4F69-A5A3-955512326004}"
EndProject
Project("{2150E333-8FDC-42A3-9474-1A3956D46DE8}") = "Services", "Services", "{D59548D6-C0FA-48C4-B5BE-C0BD2F980408}"
EndProject
Project("{2150E333-8FDC-42A3-9474-1A3956D46DE8}") = "Order", "Order", "{66699E8A-A92B-4049-B6CB-0FD222C7FF2B}"
EndProject
Project("{9A19103F-16F7-4668-BE54-9A1E7A4F7556}") = "Orders.Web", "LearnSmartCoding.SmartCartHub\src\Services\Order\Orders.Web\Orders.Web.csproj", "{9963FDCD-C891-4EC5-B5CF-95ABC8FF42A9}"
EndProject
Project("{9A19103F-16F7-4668-BE54-9A1E7A4F7556}") = "Orders.Core", "LearnSmartCoding.SmartCartHub\src\Services\Order\Orders.Core\Orders.Core.csproj", "{BEAA83A5-031A-46D5-BC4A-D1282551063C}"
EndProject
Project("{9A19103F-16F7-4668-BE54-9A1E7A4F7556}") = "Orders.Service", "LearnSmartCoding.SmartCartHub\src\Services\Order\Orders.Service\Orders.Service.csproj", "{D72807A3-861D-4EB9-A963-81ED9C2CB0E8}"
EndProject
Project("{9A19103F-16F7-4668-BE54-9A1E7A4F7556}") = "Orders.Data", "LearnSmartCoding.SmartCartHub\src\Services\Order\Orders.Data\Orders.Data.csproj", "{6401D755-5095-4328-8615-A06838E7D636}"
EndProject
Global
	GlobalSection(SolutionConfigurationPlatforms) = preSolution
		Debug|Any CPU = Debug|Any CPU
		Release|Any CPU = Release|Any CPU
	EndGlobalSection
	GlobalSection(ProjectConfigurationPlatforms) = postSolution
		{9963FDCD-C891-4EC5-B5CF-95ABC8FF42A9}.Debug|Any CPU.ActiveCfg = Debug|Any CPU
		{9963FDCD-C891-4EC5-B5CF-95ABC8FF42A9}.Debug|Any CPU.Build.0 = Debug|Any CPU
		{9963FDCD-C891-4EC5-B5CF-95ABC8FF42A9}.Release|Any CPU.ActiveCfg = Release|Any CPU
		{9963FDCD-C891-4EC5-B5CF-95ABC8FF42A9}.Release|Any CPU.Build.0 = Release|Any CPU
		{BEAA83A5-031A-46D5-BC4A-D1282551063C}.Debug|Any CPU.ActiveCfg = Debug|Any CPU
		{BEAA83A5-031A-46D5-BC4A-D1282551063C}.Debug|Any CPU.Build.0 = Debug|Any CPU
		{BEAA83A5-031A-46D5-BC4A-D1282551063C}.Release|Any CPU.ActiveCfg = Release|Any CPU
		{BEAA83A5-031A-46D5-BC4A-D1282551063C}.Release|Any CPU.Build.0 = Release|Any CPU
		{D72807A3-861D-4EB9-A963-81ED9C2CB0E8}.Debug|Any CPU.ActiveCfg = Debug|Any CPU
		{D72807A3-861D-4EB9-A963-81ED9C2CB0E8}.Debug|Any CPU.Build.0 = Debug|Any CPU
		{D72807A3-861D-4EB9-A963-81ED9C2CB0E8}.Release|Any CPU.ActiveCfg = Release|Any CPU
		{D72807A3-861D-4EB9-A963-81ED9C2CB0E8}.Release|Any CPU.Build.0 = Release|Any CPU
		{6401D755-5095-4328-8615-A06838E7D636}.Debug|Any CPU.ActiveCfg = Debug|Any CPU
		{6401D755-5095-4328-8615-A06838E7D636}.Debug|Any CPU.Build.0 = Debug|Any CPU
		{6401D755-5095-4328-8615-A06838E7D636}.Release|Any CPU.ActiveCfg = Release|Any CPU
		{6401D755-5095-4328-8615-A06838E7D636}.Release|Any CPU.Build.0 = Release|Any CPU
	EndGlobalSection
	GlobalSection(SolutionProperties) = preSolution
		HideSolutionNode = FALSE
	EndGlobalSection
	GlobalSection(NestedProjects) = preSolution
		{D59548D6-C0FA-48C4-B5BE-C0BD2F980408} = {F2FDB594-652D-4F69-A5A3-955512326004}
		{66699E8A-A92B-4049-B6CB-0FD222C7FF2B} = {D59548D6-C0FA-48C4-B5BE-C0BD2F980408}
		{9963FDCD-C891-4EC5-B5CF-95ABC8FF42A9} = {66699E8A-A92B-4049-B6CB-0FD222C7FF2B}
		{BEAA83A5-031A-46D5-BC4A-D1282551063C} = {66699E8A-A92B-4049-B6CB-0FD222C7FF2B}
		{D72807A3-861D-4EB9-A963-81ED9C2CB0E8} = {66699E8A-A92B-4049-B6CB-0FD222C7FF2B}
		{6401D755-5095-4328-8615-A06838E7D636} = {66699E8A-A92B-4049-B6CB-0FD222C7FF2B}
	EndGlobalSection
	GlobalSection(ExtensibilityGlobals) = postSolution
		SolutionGuid = {F96521B6-C05E-4830-8071-03D47B8B8E5B}
	EndGlobalSection
EndGlobal
